
Microsoft Visual Studio Solution File, Format Version 12.00
# Visual Studio 15
VisualStudioVersion = 15.0.28010.2036
MinimumVisualStudioVersion = 10.0.40219.1
Project("{FAE04EC0-301F-11D3-BF4B-00C04F79EFBC}") = "BugFinders", "BugFinders\BugFinders.csproj", "{CFE955DE-F9F1-42B3-80DF-E85A6101BA36}"
EndProject
Global
	GlobalSection(SolutionConfigurationPlatforms) = preSolution
		Debug|Any CPU = Debug|Any CPU
		Release|Any CPU = Release|Any CPU
	EndGlobalSection
	GlobalSection(ProjectConfigurationPlatforms) = postSolution
		{CFE955DE-F9F1-42B3-80DF-E85A6101BA36}.Debug|Any CPU.ActiveCfg = Debug|Any CPU
		{CFE955DE-F9F1-42B3-80DF-E85A6101BA36}.Debug|Any CPU.Build.0 = Debug|Any CPU
		{CFE955DE-F9F1-42B3-80DF-E85A6101BA36}.Release|Any CPU.ActiveCfg = Release|Any CPU
		{CFE955DE-F9F1-42B3-80DF-E85A6101BA36}.Release|Any CPU.Build.0 = Release|Any CPU
	EndGlobalSection
	GlobalSection(SolutionProperties) = preSolution
		HideSolutionNode = FALSE
	EndGlobalSection
	GlobalSection(ExtensibilityGlobals) = postSolution
		SolutionGuid = {05717F7B-0B2B-49C2-8056-9F4A4CFBBDF9}
	EndGlobalSection
EndGlobal
